
Microsoft Visual Studio Solution File, Format Version 12.00
# Visual Studio Version 17
VisualStudioVersion = 17.7.34024.191
MinimumVisualStudioVersion = 10.0.40219.1
Project("{9A19103F-16F7-4668-BE54-9A1E7A4F7556}") = "SistemaDoLeoBlazor.API", "SistemaDoLeoBlazor.API\SistemaDoLeoBlazor.API.csproj", "{351B2A1E-FE6B-4DC7-AE37-606D636B6648}"
EndProject
Project("{9A19103F-16F7-4668-BE54-9A1E7A4F7556}") = "SistemaDoLeoBlazor.MODELS", "SistemaDoLeoBlazor.MODELS\SistemaDoLeoBlazor.MODELS.csproj", "{73C1AEEC-5F9F-41DD-AD1B-1F8C955FF44C}"
EndProject
Project("{FAE04EC0-301F-11D3-BF4B-00C04F79EFBC}") = "SistemaDoLeoBlazor.WEB", "SistemaDoLeoBlazor.WEB\SistemaDoLeoBlazor.WEB.csproj", "{21CC1108-DA43-4153-B5E9-EAA2FD9B84C6}"
	ProjectSection(ProjectDependencies) = postProject
		{73C1AEEC-5F9F-41DD-AD1B-1F8C955FF44C} = {73C1AEEC-5F9F-41DD-AD1B-1F8C955FF44C}
	EndProjectSection
EndProject
Global
	GlobalSection(SolutionConfigurationPlatforms) = preSolution
		Debug|Any CPU = Debug|Any CPU
		Release|Any CPU = Release|Any CPU
	EndGlobalSection
	GlobalSection(ProjectConfigurationPlatforms) = postSolution
		{351B2A1E-FE6B-4DC7-AE37-606D636B6648}.Debug|Any CPU.ActiveCfg = Debug|Any CPU
		{351B2A1E-FE6B-4DC7-AE37-606D636B6648}.Debug|Any CPU.Build.0 = Debug|Any CPU
		{351B2A1E-FE6B-4DC7-AE37-606D636B6648}.Release|Any CPU.ActiveCfg = Release|Any CPU
		{351B2A1E-FE6B-4DC7-AE37-606D636B6648}.Release|Any CPU.Build.0 = Release|Any CPU
		{73C1AEEC-5F9F-41DD-AD1B-1F8C955FF44C}.Debug|Any CPU.ActiveCfg = Debug|Any CPU
		{73C1AEEC-5F9F-41DD-AD1B-1F8C955FF44C}.Debug|Any CPU.Build.0 = Debug|Any CPU
		{73C1AEEC-5F9F-41DD-AD1B-1F8C955FF44C}.Release|Any CPU.ActiveCfg = Release|Any CPU
		{73C1AEEC-5F9F-41DD-AD1B-1F8C955FF44C}.Release|Any CPU.Build.0 = Release|Any CPU
		{21CC1108-DA43-4153-B5E9-EAA2FD9B84C6}.Debug|Any CPU.ActiveCfg = Debug|Any CPU
		{21CC1108-DA43-4153-B5E9-EAA2FD9B84C6}.Debug|Any CPU.Build.0 = Debug|Any CPU
		{21CC1108-DA43-4153-B5E9-EAA2FD9B84C6}.Release|Any CPU.ActiveCfg = Release|Any CPU
		{21CC1108-DA43-4153-B5E9-EAA2FD9B84C6}.Release|Any CPU.Build.0 = Release|Any CPU
	EndGlobalSection
	GlobalSection(SolutionProperties) = preSolution
		HideSolutionNode = FALSE
	EndGlobalSection
	GlobalSection(ExtensibilityGlobals) = postSolution
		SolutionGuid = {5927CA25-2CF5-41B5-A4CA-64F0602D8446}
	EndGlobalSection
EndGlobal
